// !$*UTF8*$!
{
	archiveVersion = 1;
	classes = {
	};
	objectVersion = 77;
	objects = {

/* Begin PBXBuildFile section */
		401A0A532DF346B100B02B6C /* UIResponder+Ext.swift in Sources */ = {isa = PBXBuildFile; fileRef = 401A0A522DF346B100B02B6C /* UIResponder+Ext.swift */; };
		401A0A552DF347B900B02B6C /* NetworkManager.swift in Sources */ = {isa = PBXBuildFile; fileRef = 401A0A542DF347B900B02B6C /* NetworkManager.swift */; };
		407B54312DEFC79A00109BAE /* SSProject.swift in Sources */ = {isa = PBXBuildFile; fileRef = 407B54302DEFC79A00109BAE /* SSProject.swift */; };
		407B54342DEFCBFB00109BAE /* PersistenceManager.swift in Sources */ = {isa = PBXBuildFile; fileRef = 407B54332DEFCBFB00109BAE /* PersistenceManager.swift */; };
		407B543D2DEFE1A400109BAE /* UIViewController+Ext.swift in Sources */ = {isa = PBXBuildFile; fileRef = 407B543C2DEFE1A400109BAE /* UIViewController+Ext.swift */; };
		407B54402DEFE55600109BAE /* Constants+Utils.swift in Sources */ = {isa = PBXBuildFile; fileRef = 407B543F2DEFE55600109BAE /* Constants+Utils.swift */; };
		407B54422DEFE85300109BAE /* SSError+Utils.swift in Sources */ = {isa = PBXBuildFile; fileRef = 407B54412DEFE85300109BAE /* SSError+Utils.swift */; };
		407B544B2DF001B200109BAE /* KeychainWrapper.swift in Sources */ = {isa = PBXBuildFile; fileRef = 407B544A2DF001B200109BAE /* KeychainWrapper.swift */; };
		407B544C2DF001B200109BAE /* KeychainItemAccessibility.swift in Sources */ = {isa = PBXBuildFile; fileRef = 407B54492DF001B200109BAE /* KeychainItemAccessibility.swift */; };
		407B544E2DF0099300109BAE /* SSLogoLauncher+Utils.swift in Sources */ = {isa = PBXBuildFile; fileRef = 407B544D2DF0099300109BAE /* SSLogoLauncher+Utils.swift */; };
		407B54502DF009C600109BAE /* launchscreen.mp4 in Resources */ = {isa = PBXBuildFile; fileRef = 407B544F2DF009C600109BAE /* launchscreen.mp4 */; };
		409583132DEFC3C70057A642 /* Assets.xcassets in Resources */ = {isa = PBXBuildFile; fileRef = 409583082DEFC3C70057A642 /* Assets.xcassets */; };
		409583152DEFC3C70057A642 /* LaunchScreen.storyboard in Resources */ = {isa = PBXBuildFile; fileRef = 4095830B2DEFC3C70057A642 /* LaunchScreen.storyboard */; };
		409583162DEFC3C70057A642 /* Main.storyboard in Resources */ = {isa = PBXBuildFile; fileRef = 4095830D2DEFC3C70057A642 /* Main.storyboard */; };
		409583172DEFC3C70057A642 /* AppDelegate.swift in Sources */ = {isa = PBXBuildFile; fileRef = 409583072DEFC3C70057A642 /* AppDelegate.swift */; };
		409583182DEFC3C70057A642 /* Project32_SwiftSearcher.xcdatamodeld in Sources */ = {isa = PBXBuildFile; fileRef = 4095830E2DEFC3C70057A642 /* Project32_SwiftSearcher.xcdatamodeld */; };
		409583192DEFC3C70057A642 /* SceneDelegate.swift in Sources */ = {isa = PBXBuildFile; fileRef = 4095830F2DEFC3C70057A642 /* SceneDelegate.swift */; };
		4095831A2DEFC3C70057A642 /* HomeVC.swift in Sources */ = {isa = PBXBuildFile; fileRef = 409583102DEFC3C70057A642 /* HomeVC.swift */; };
		40B5EE8C2DF1120C00BDE01E /* AVPlayer+Ext.swift in Sources */ = {isa = PBXBuildFile; fileRef = 40B5EE8B2DF1120C00BDE01E /* AVPlayer+Ext.swift */; };
/* End PBXBuildFile section */

/* Begin PBXContainerItemProxy section */
		409582EA2DEFC2EC0057A642 /* PBXContainerItemProxy */ = {
			isa = PBXContainerItemProxy;
			containerPortal = 409582C82DEFC2E20057A642 /* Project object */;
			proxyType = 1;
			remoteGlobalIDString = 409582CF2DEFC2E20057A642;
			remoteInfo = "Project32-SwiftSearcher";
		};
		409582F42DEFC2EC0057A642 /* PBXContainerItemProxy */ = {
			isa = PBXContainerItemProxy;
			containerPortal = 409582C82DEFC2E20057A642 /* Project object */;
			proxyType = 1;
			remoteGlobalIDString = 409582CF2DEFC2E20057A642;
			remoteInfo = "Project32-SwiftSearcher";
		};
/* End PBXContainerItemProxy section */

/* Begin PBXFileReference section */
		401A0A522DF346B100B02B6C /* UIResponder+Ext.swift */ = {isa = PBXFileReference; lastKnownFileType = sourcecode.swift; path = "UIResponder+Ext.swift"; sourceTree = "<group>"; };
		401A0A542DF347B900B02B6C /* NetworkManager.swift */ = {isa = PBXFileReference; lastKnownFileType = sourcecode.swift; path = NetworkManager.swift; sourceTree = "<group>"; };
		407B54302DEFC79A00109BAE /* SSProject.swift */ = {isa = PBXFileReference; lastKnownFileType = sourcecode.swift; path = SSProject.swift; sourceTree = "<group>"; };
		407B54332DEFCBFB00109BAE /* PersistenceManager.swift */ = {isa = PBXFileReference; lastKnownFileType = sourcecode.swift; path = PersistenceManager.swift; sourceTree = "<group>"; };
		407B543C2DEFE1A400109BAE /* UIViewController+Ext.swift */ = {isa = PBXFileReference; lastKnownFileType = sourcecode.swift; path = "UIViewController+Ext.swift"; sourceTree = "<group>"; };
		407B543F2DEFE55600109BAE /* Constants+Utils.swift */ = {isa = PBXFileReference; lastKnownFileType = sourcecode.swift; path = "Constants+Utils.swift"; sourceTree = "<group>"; };
		407B54412DEFE85300109BAE /* SSError+Utils.swift */ = {isa = PBXFileReference; lastKnownFileType = sourcecode.swift; path = "SSError+Utils.swift"; sourceTree = "<group>"; };
		407B54492DF001B200109BAE /* KeychainItemAccessibility.swift */ = {isa = PBXFileReference; lastKnownFileType = sourcecode.swift; path = KeychainItemAccessibility.swift; sourceTree = "<group>"; };
		407B544A2DF001B200109BAE /* KeychainWrapper.swift */ = {isa = PBXFileReference; lastKnownFileType = sourcecode.swift; path = KeychainWrapper.swift; sourceTree = "<group>"; };
		407B544D2DF0099300109BAE /* SSLogoLauncher+Utils.swift */ = {isa = PBXFileReference; lastKnownFileType = sourcecode.swift; path = "SSLogoLauncher+Utils.swift"; sourceTree = "<group>"; };
		407B544F2DF009C600109BAE /* launchscreen.mp4 */ = {isa = PBXFileReference; lastKnownFileType = file; path = launchscreen.mp4; sourceTree = "<group>"; };
		409582D02DEFC2E20057A642 /* Project32-SwiftSearcher.app */ = {isa = PBXFileReference; explicitFileType = wrapper.application; includeInIndex = 0; path = "Project32-SwiftSearcher.app"; sourceTree = BUILT_PRODUCTS_DIR; };
		409582E92DEFC2EC0057A642 /* Project32-SwiftSearcherTests.xctest */ = {isa = PBXFileReference; explicitFileType = wrapper.cfbundle; includeInIndex = 0; path = "Project32-SwiftSearcherTests.xctest"; sourceTree = BUILT_PRODUCTS_DIR; };
		409582F32DEFC2EC0057A642 /* Project32-SwiftSearcherUITests.xctest */ = {isa = PBXFileReference; explicitFileType = wrapper.cfbundle; includeInIndex = 0; path = "Project32-SwiftSearcherUITests.xctest"; sourceTree = BUILT_PRODUCTS_DIR; };
		409583072DEFC3C70057A642 /* AppDelegate.swift */ = {isa = PBXFileReference; lastKnownFileType = sourcecode.swift; path = AppDelegate.swift; sourceTree = "<group>"; };
		409583082DEFC3C70057A642 /* Assets.xcassets */ = {isa = PBXFileReference; lastKnownFileType = folder.assetcatalog; path = Assets.xcassets; sourceTree = "<group>"; };
		409583092DEFC3C70057A642 /* Info.plist */ = {isa = PBXFileReference; lastKnownFileType = text.plist.xml; path = Info.plist; sourceTree = "<group>"; };
		4095830A2DEFC3C70057A642 /* Base */ = {isa = PBXFileReference; lastKnownFileType = file.storyboard; name = Base; path = Base.lproj/LaunchScreen.storyboard; sourceTree = "<group>"; };
		4095830C2DEFC3C70057A642 /* Base */ = {isa = PBXFileReference; lastKnownFileType = file.storyboard; name = Base; path = Base.lproj/Main.storyboard; sourceTree = "<group>"; };
		4095830F2DEFC3C70057A642 /* SceneDelegate.swift */ = {isa = PBXFileReference; lastKnownFileType = sourcecode.swift; path = SceneDelegate.swift; sourceTree = "<group>"; };
		409583102DEFC3C70057A642 /* HomeVC.swift */ = {isa = PBXFileReference; lastKnownFileType = sourcecode.swift; path = HomeVC.swift; sourceTree = "<group>"; };
		409583122DEFC3C70057A642 /* Project32_SwiftSearcher.xcdatamodel */ = {isa = PBXFileReference; lastKnownFileType = wrapper.xcdatamodel; path = Project32_SwiftSearcher.xcdatamodel; sourceTree = "<group>"; };
		40B5EE8B2DF1120C00BDE01E /* AVPlayer+Ext.swift */ = {isa = PBXFileReference; lastKnownFileType = sourcecode.swift; path = "AVPlayer+Ext.swift"; sourceTree = "<group>"; };
/* End PBXFileReference section */

/* Begin PBXFileSystemSynchronizedRootGroup section */
		409582EC2DEFC2EC0057A642 /* Project32-SwiftSearcherTests */ = {
			isa = PBXFileSystemSynchronizedRootGroup;
			path = "Project32-SwiftSearcherTests";
			sourceTree = "<group>";
		};
		409582F62DEFC2EC0057A642 /* Project32-SwiftSearcherUITests */ = {
			isa = PBXFileSystemSynchronizedRootGroup;
			path = "Project32-SwiftSearcherUITests";
			sourceTree = "<group>";
		};
/* End PBXFileSystemSynchronizedRootGroup section */

/* Begin PBXFrameworksBuildPhase section */
		409582CD2DEFC2E20057A642 /* Frameworks */ = {
			isa = PBXFrameworksBuildPhase;
			buildActionMask = 2147483647;
			files = (
			);
			runOnlyForDeploymentPostprocessing = 0;
		};
		409582E62DEFC2EC0057A642 /* Frameworks */ = {
			isa = PBXFrameworksBuildPhase;
			buildActionMask = 2147483647;
			files = (
			);
			runOnlyForDeploymentPostprocessing = 0;
		};
		409582F02DEFC2EC0057A642 /* Frameworks */ = {
			isa = PBXFrameworksBuildPhase;
			buildActionMask = 2147483647;
			files = (
			);
			runOnlyForDeploymentPostprocessing = 0;
		};
/* End PBXFrameworksBuildPhase section */

/* Begin PBXGroup section */
		407B542F2DEFC77900109BAE /* Models */ = {
			isa = PBXGroup;
			children = (
				407B54302DEFC79A00109BAE /* SSProject.swift */,
			);
			path = Models;
			sourceTree = "<group>";
		};
		407B54322DEFCBEE00109BAE /* Managers */ = {
			isa = PBXGroup;
			children = (
				407B54332DEFCBFB00109BAE /* PersistenceManager.swift */,
				401A0A542DF347B900B02B6C /* NetworkManager.swift */,
			);
			path = Managers;
			sourceTree = "<group>";
		};
		407B543B2DEFE19300109BAE /* Extensions */ = {
			isa = PBXGroup;
			children = (
				407B543C2DEFE1A400109BAE /* UIViewController+Ext.swift */,
				40B5EE8B2DF1120C00BDE01E /* AVPlayer+Ext.swift */,
				401A0A522DF346B100B02B6C /* UIResponder+Ext.swift */,
			);
			path = Extensions;
			sourceTree = "<group>";
		};
		407B543E2DEFE54500109BAE /* Utilities */ = {
			isa = PBXGroup;
			children = (
				407B543F2DEFE55600109BAE /* Constants+Utils.swift */,
				407B54412DEFE85300109BAE /* SSError+Utils.swift */,
				407B544D2DF0099300109BAE /* SSLogoLauncher+Utils.swift */,
			);
			path = Utilities;
			sourceTree = "<group>";
		};
		409582C72DEFC2E20057A642 = {
			isa = PBXGroup;
			children = (
				409583112DEFC3C70057A642 /* Project32-SwiftSearcher */,
				409582EC2DEFC2EC0057A642 /* Project32-SwiftSearcherTests */,
				409582F62DEFC2EC0057A642 /* Project32-SwiftSearcherUITests */,
				409582D12DEFC2E20057A642 /* Products */,
			);
			sourceTree = "<group>";
		};
		409582D12DEFC2E20057A642 /* Products */ = {
			isa = PBXGroup;
			children = (
				409582D02DEFC2E20057A642 /* Project32-SwiftSearcher.app */,
				409582E92DEFC2EC0057A642 /* Project32-SwiftSearcherTests.xctest */,
				409582F32DEFC2EC0057A642 /* Project32-SwiftSearcherUITests.xctest */,
			);
			name = Products;
			sourceTree = "<group>";
		};
		409583112DEFC3C70057A642 /* Project32-SwiftSearcher */ = {
			isa = PBXGroup;
			children = (
				407B54322DEFCBEE00109BAE /* Managers */,
				407B543B2DEFE19300109BAE /* Extensions */,
				407B543E2DEFE54500109BAE /* Utilities */,
				407B542F2DEFC77900109BAE /* Models */,
				4095831B2DEFC3D30057A642 /* Screens */,
				4095831C2DEFC3FB0057A642 /* Support */,
				409583092DEFC3C70057A642 /* Info.plist */,
			);
			path = "Project32-SwiftSearcher";
			sourceTree = "<group>";
		};
		4095831B2DEFC3D30057A642 /* Screens */ = {
			isa = PBXGroup;
			children = (
				409583102DEFC3C70057A642 /* HomeVC.swift */,
			);
			path = Screens;
			sourceTree = "<group>";
		};
		4095831C2DEFC3FB0057A642 /* Support */ = {
			isa = PBXGroup;
			children = (
				409583072DEFC3C70057A642 /* AppDelegate.swift */,
				4095830F2DEFC3C70057A642 /* SceneDelegate.swift */,
				407B54492DF001B200109BAE /* KeychainItemAccessibility.swift */,
				407B544A2DF001B200109BAE /* KeychainWrapper.swift */,
				4095830B2DEFC3C70057A642 /* LaunchScreen.storyboard */,
				4095830D2DEFC3C70057A642 /* Main.storyboard */,
				409583082DEFC3C70057A642 /* Assets.xcassets */,
				407B544F2DF009C600109BAE /* launchscreen.mp4 */,
				4095830E2DEFC3C70057A642 /* Project32_SwiftSearcher.xcdatamodeld */,
			);
			path = Support;
			sourceTree = "<group>";
		};
/* End PBXGroup section */

/* Begin PBXNativeTarget section */
		409582CF2DEFC2E20057A642 /* Project32-SwiftSearcher */ = {
			isa = PBXNativeTarget;
			buildConfigurationList = 409582FC2DEFC2EC0057A642 /* Build configuration list for PBXNativeTarget "Project32-SwiftSearcher" */;
			buildPhases = (
				409582CC2DEFC2E20057A642 /* Sources */,
				409582CD2DEFC2E20057A642 /* Frameworks */,
				409582CE2DEFC2E20057A642 /* Resources */,
			);
			buildRules = (
			);
			dependencies = (
			);
			name = "Project32-SwiftSearcher";
			packageProductDependencies = (
			);
			productName = "Project32-SwiftSearcher";
			productReference = 409582D02DEFC2E20057A642 /* Project32-SwiftSearcher.app */;
			productType = "com.apple.product-type.application";
		};
		409582E82DEFC2EC0057A642 /* Project32-SwiftSearcherTests */ = {
			isa = PBXNativeTarget;
			buildConfigurationList = 409583012DEFC2EC0057A642 /* Build configuration list for PBXNativeTarget "Project32-SwiftSearcherTests" */;
			buildPhases = (
				409582E52DEFC2EC0057A642 /* Sources */,
				409582E62DEFC2EC0057A642 /* Frameworks */,
				409582E72DEFC2EC0057A642 /* Resources */,
			);
			buildRules = (
			);
			dependencies = (
				409582EB2DEFC2EC0057A642 /* PBXTargetDependency */,
			);
			fileSystemSynchronizedGroups = (
				409582EC2DEFC2EC0057A642 /* Project32-SwiftSearcherTests */,
			);
			name = "Project32-SwiftSearcherTests";
			packageProductDependencies = (
			);
			productName = "Project32-SwiftSearcherTests";
			productReference = 409582E92DEFC2EC0057A642 /* Project32-SwiftSearcherTests.xctest */;
			productType = "com.apple.product-type.bundle.unit-test";
		};
		409582F22DEFC2EC0057A642 /* Project32-SwiftSearcherUITests */ = {
			isa = PBXNativeTarget;
			buildConfigurationList = 409583042DEFC2EC0057A642 /* Build configuration list for PBXNativeTarget "Project32-SwiftSearcherUITests" */;
			buildPhases = (
				409582EF2DEFC2EC0057A642 /* Sources */,
				409582F02DEFC2EC0057A642 /* Frameworks */,
				409582F12DEFC2EC0057A642 /* Resources */,
			);
			buildRules = (
			);
			dependencies = (
				409582F52DEFC2EC0057A642 /* PBXTargetDependency */,
			);
			fileSystemSynchronizedGroups = (
				409582F62DEFC2EC0057A642 /* Project32-SwiftSearcherUITests */,
			);
			name = "Project32-SwiftSearcherUITests";
			packageProductDependencies = (
			);
			productName = "Project32-SwiftSearcherUITests";
			productReference = 409582F32DEFC2EC0057A642 /* Project32-SwiftSearcherUITests.xctest */;
			productType = "com.apple.product-type.bundle.ui-testing";
		};
/* End PBXNativeTarget section */

/* Begin PBXProject section */
		409582C82DEFC2E20057A642 /* Project object */ = {
			isa = PBXProject;
			attributes = {
				BuildIndependentTargetsInParallel = 1;
				LastSwiftUpdateCheck = 1640;
				LastUpgradeCheck = 1640;
				TargetAttributes = {
					409582CF2DEFC2E20057A642 = {
						CreatedOnToolsVersion = 16.4;
					};
					409582E82DEFC2EC0057A642 = {
						CreatedOnToolsVersion = 16.4;
						TestTargetID = 409582CF2DEFC2E20057A642;
					};
					409582F22DEFC2EC0057A642 = {
						CreatedOnToolsVersion = 16.4;
						TestTargetID = 409582CF2DEFC2E20057A642;
					};
				};
			};
			buildConfigurationList = 409582CB2DEFC2E20057A642 /* Build configuration list for PBXProject "Project32-SwiftSearcher" */;
			developmentRegion = en;
			hasScannedForEncodings = 0;
			knownRegions = (
				en,
				Base,
			);
			mainGroup = 409582C72DEFC2E20057A642;
			minimizedProjectReferenceProxies = 1;
			preferredProjectObjectVersion = 77;
			productRefGroup = 409582D12DEFC2E20057A642 /* Products */;
			projectDirPath = "";
			projectRoot = "";
			targets = (
				409582CF2DEFC2E20057A642 /* Project32-SwiftSearcher */,
				409582E82DEFC2EC0057A642 /* Project32-SwiftSearcherTests */,
				409582F22DEFC2EC0057A642 /* Project32-SwiftSearcherUITests */,
			);
		};
/* End PBXProject section */

/* Begin PBXResourcesBuildPhase section */
		409582CE2DEFC2E20057A642 /* Resources */ = {
			isa = PBXResourcesBuildPhase;
			buildActionMask = 2147483647;
			files = (
				409583132DEFC3C70057A642 /* Assets.xcassets in Resources */,
				409583152DEFC3C70057A642 /* LaunchScreen.storyboard in Resources */,
				407B54502DF009C600109BAE /* launchscreen.mp4 in Resources */,
				409583162DEFC3C70057A642 /* Main.storyboard in Resources */,
			);
			runOnlyForDeploymentPostprocessing = 0;
		};
		409582E72DEFC2EC0057A642 /* Resources */ = {
			isa = PBXResourcesBuildPhase;
			buildActionMask = 2147483647;
			files = (
			);
			runOnlyForDeploymentPostprocessing = 0;
		};
		409582F12DEFC2EC0057A642 /* Resources */ = {
			isa = PBXResourcesBuildPhase;
			buildActionMask = 2147483647;
			files = (
			);
			runOnlyForDeploymentPostprocessing = 0;
		};
/* End PBXResourcesBuildPhase section */

/* Begin PBXSourcesBuildPhase section */
		409582CC2DEFC2E20057A642 /* Sources */ = {
			isa = PBXSourcesBuildPhase;
			buildActionMask = 2147483647;
			files = (
				409583172DEFC3C70057A642 /* AppDelegate.swift in Sources */,
				407B54422DEFE85300109BAE /* SSError+Utils.swift in Sources */,
				407B54402DEFE55600109BAE /* Constants+Utils.swift in Sources */,
				409583182DEFC3C70057A642 /* Project32_SwiftSearcher.xcdatamodeld in Sources */,
				401A0A532DF346B100B02B6C /* UIResponder+Ext.swift in Sources */,
				407B544B2DF001B200109BAE /* KeychainWrapper.swift in Sources */,
				407B544C2DF001B200109BAE /* KeychainItemAccessibility.swift in Sources */,
				407B543D2DEFE1A400109BAE /* UIViewController+Ext.swift in Sources */,
				40B5EE8C2DF1120C00BDE01E /* AVPlayer+Ext.swift in Sources */,
				409583192DEFC3C70057A642 /* SceneDelegate.swift in Sources */,
				407B544E2DF0099300109BAE /* SSLogoLauncher+Utils.swift in Sources */,
				407B54342DEFCBFB00109BAE /* PersistenceManager.swift in Sources */,
				401A0A552DF347B900B02B6C /* NetworkManager.swift in Sources */,
				407B54312DEFC79A00109BAE /* SSProject.swift in Sources */,
				4095831A2DEFC3C70057A642 /* HomeVC.swift in Sources */,
			);
			runOnlyForDeploymentPostprocessing = 0;
		};
		409582E52DEFC2EC0057A642 /* Sources */ = {
			isa = PBXSourcesBuildPhase;
			buildActionMask = 2147483647;
			files = (
			);
			runOnlyForDeploymentPostprocessing = 0;
		};
		409582EF2DEFC2EC0057A642 /* Sources */ = {
			isa = PBXSourcesBuildPhase;
			buildActionMask = 2147483647;
			files = (
			);
			runOnlyForDeploymentPostprocessing = 0;
		};
/* End PBXSourcesBuildPhase section */

/* Begin PBXTargetDependency section */
		409582EB2DEFC2EC0057A642 /* PBXTargetDependency */ = {
			isa = PBXTargetDependency;
			target = 409582CF2DEFC2E20057A642 /* Project32-SwiftSearcher */;
			targetProxy = 409582EA2DEFC2EC0057A642 /* PBXContainerItemProxy */;
		};
		409582F52DEFC2EC0057A642 /* PBXTargetDependency */ = {
			isa = PBXTargetDependency;
			target = 409582CF2DEFC2E20057A642 /* Project32-SwiftSearcher */;
			targetProxy = 409582F42DEFC2EC0057A642 /* PBXContainerItemProxy */;
		};
/* End PBXTargetDependency section */

/* Begin PBXVariantGroup section */
		4095830B2DEFC3C70057A642 /* LaunchScreen.storyboard */ = {
			isa = PBXVariantGroup;
			children = (
				4095830A2DEFC3C70057A642 /* Base */,
			);
			name = LaunchScreen.storyboard;
			sourceTree = "<group>";
		};
		4095830D2DEFC3C70057A642 /* Main.storyboard */ = {
			isa = PBXVariantGroup;
			children = (
				4095830C2DEFC3C70057A642 /* Base */,
			);
			name = Main.storyboard;
			sourceTree = "<group>";
		};
/* End PBXVariantGroup section */

/* Begin XCBuildConfiguration section */
		409582FD2DEFC2EC0057A642 /* Debug */ = {
			isa = XCBuildConfiguration;
			buildSettings = {
				ASSETCATALOG_COMPILER_APPICON_NAME = AppIcon;
				ASSETCATALOG_COMPILER_GLOBAL_ACCENT_COLOR_NAME = AccentColor;
				CODE_SIGN_STYLE = Automatic;
				CURRENT_PROJECT_VERSION = 1;
				DEVELOPMENT_TEAM = M9MT23QW7V;
				GENERATE_INFOPLIST_FILE = YES;
				INFOPLIST_FILE = "Project32-SwiftSearcher/Info.plist";
				INFOPLIST_KEY_UIApplicationSupportsIndirectInputEvents = YES;
				INFOPLIST_KEY_UILaunchStoryboardName = LaunchScreen;
				INFOPLIST_KEY_UIMainStoryboardFile = Main;
				INFOPLIST_KEY_UISupportedInterfaceOrientations_iPad = "UIInterfaceOrientationPortrait UIInterfaceOrientationPortraitUpsideDown UIInterfaceOrientationLandscapeLeft UIInterfaceOrientationLandscapeRight";
				INFOPLIST_KEY_UISupportedInterfaceOrientations_iPhone = "UIInterfaceOrientationPortrait UIInterfaceOrientationLandscapeLeft UIInterfaceOrientationLandscapeRight";
				LD_RUNPATH_SEARCH_PATHS = (
					"$(inherited)",
					"@executable_path/Frameworks",
				);
				MARKETING_VERSION = 1.0;
				PRODUCT_BUNDLE_IDENTIFIER = "noahpope.Project32-SwiftSearcher";
				PRODUCT_NAME = "$(TARGET_NAME)";
				SWIFT_EMIT_LOC_STRINGS = YES;
				SWIFT_VERSION = 5.0;
				TARGETED_DEVICE_FAMILY = "1,2";
			};
			name = Debug;
		};
		409582FE2DEFC2EC0057A642 /* Release */ = {
			isa = XCBuildConfiguration;
			buildSettings = {
				ASSETCATALOG_COMPILER_APPICON_NAME = AppIcon;
				ASSETCATALOG_COMPILER_GLOBAL_ACCENT_COLOR_NAME = AccentColor;
				CODE_SIGN_STYLE = Automatic;
				CURRENT_PROJECT_VERSION = 1;
				DEVELOPMENT_TEAM = M9MT23QW7V;
				GENERATE_INFOPLIST_FILE = YES;
				INFOPLIST_FILE = "Project32-SwiftSearcher/Info.plist";
				INFOPLIST_KEY_UIApplicationSupportsIndirectInputEvents = YES;
				INFOPLIST_KEY_UILaunchStoryboardName = LaunchScreen;
				INFOPLIST_KEY_UIMainStoryboardFile = Main;
				INFOPLIST_KEY_UISupportedInterfaceOrientations_iPad = "UIInterfaceOrientationPortrait UIInterfaceOrientationPortraitUpsideDown UIInterfaceOrientationLandscapeLeft UIInterfaceOrientationLandscapeRight";
				INFOPLIST_KEY_UISupportedInterfaceOrientations_iPhone = "UIInterfaceOrientationPortrait UIInterfaceOrientationLandscapeLeft UIInterfaceOrientationLandscapeRight";
				LD_RUNPATH_SEARCH_PATHS = (
					"$(inherited)",
					"@executable_path/Frameworks",
				);
				MARKETING_VERSION = 1.0;
				PRODUCT_BUNDLE_IDENTIFIER = "noahpope.Project32-SwiftSearcher";
				PRODUCT_NAME = "$(TARGET_NAME)";
				SWIFT_EMIT_LOC_STRINGS = YES;
				SWIFT_VERSION = 5.0;
				TARGETED_DEVICE_FAMILY = "1,2";
			};
			name = Release;
		};
		409582FF2DEFC2EC0057A642 /* Debug */ = {
			isa = XCBuildConfiguration;
			buildSettings = {
				ALWAYS_SEARCH_USER_PATHS = NO;
				ASSETCATALOG_COMPILER_GENERATE_SWIFT_ASSET_SYMBOL_EXTENSIONS = YES;
				CLANG_ANALYZER_NONNULL = YES;
				CLANG_ANALYZER_NUMBER_OBJECT_CONVERSION = YES_AGGRESSIVE;
				CLANG_CXX_LANGUAGE_STANDARD = "gnu++20";
				CLANG_ENABLE_MODULES = YES;
				CLANG_ENABLE_OBJC_ARC = YES;
				CLANG_ENABLE_OBJC_WEAK = YES;
				CLANG_WARN_BLOCK_CAPTURE_AUTORELEASING = YES;
				CLANG_WARN_BOOL_CONVERSION = YES;
				CLANG_WARN_COMMA = YES;
				CLANG_WARN_CONSTANT_CONVERSION = YES;
				CLANG_WARN_DEPRECATED_OBJC_IMPLEMENTATIONS = YES;
				CLANG_WARN_DIRECT_OBJC_ISA_USAGE = YES_ERROR;
				CLANG_WARN_DOCUMENTATION_COMMENTS = YES;
				CLANG_WARN_EMPTY_BODY = YES;
				CLANG_WARN_ENUM_CONVERSION = YES;
				CLANG_WARN_INFINITE_RECURSION = YES;
				CLANG_WARN_INT_CONVERSION = YES;
				CLANG_WARN_NON_LITERAL_NULL_CONVERSION = YES;
				CLANG_WARN_OBJC_IMPLICIT_RETAIN_SELF = YES;
				CLANG_WARN_OBJC_LITERAL_CONVERSION = YES;
				CLANG_WARN_OBJC_ROOT_CLASS = YES_ERROR;
				CLANG_WARN_QUOTED_INCLUDE_IN_FRAMEWORK_HEADER = YES;
				CLANG_WARN_RANGE_LOOP_ANALYSIS = YES;
				CLANG_WARN_STRICT_PROTOTYPES = YES;
				CLANG_WARN_SUSPICIOUS_MOVE = YES;
				CLANG_WARN_UNGUARDED_AVAILABILITY = YES_AGGRESSIVE;
				CLANG_WARN_UNREACHABLE_CODE = YES;
				CLANG_WARN__DUPLICATE_METHOD_MATCH = YES;
				COPY_PHASE_STRIP = NO;
				DEBUG_INFORMATION_FORMAT = dwarf;
				DEVELOPMENT_TEAM = M9MT23QW7V;
				ENABLE_STRICT_OBJC_MSGSEND = YES;
				ENABLE_TESTABILITY = YES;
				ENABLE_USER_SCRIPT_SANDBOXING = YES;
				GCC_C_LANGUAGE_STANDARD = gnu17;
				GCC_DYNAMIC_NO_PIC = NO;
				GCC_NO_COMMON_BLOCKS = YES;
				GCC_OPTIMIZATION_LEVEL = 0;
				GCC_PREPROCESSOR_DEFINITIONS = (
					"DEBUG=1",
					"$(inherited)",
				);
				GCC_WARN_64_TO_32_BIT_CONVERSION = YES;
				GCC_WARN_ABOUT_RETURN_TYPE = YES_ERROR;
				GCC_WARN_UNDECLARED_SELECTOR = YES;
				GCC_WARN_UNINITIALIZED_AUTOS = YES_AGGRESSIVE;
				GCC_WARN_UNUSED_FUNCTION = YES;
				GCC_WARN_UNUSED_VARIABLE = YES;
				IPHONEOS_DEPLOYMENT_TARGET = 18.5;
				LOCALIZATION_PREFERS_STRING_CATALOGS = YES;
				MTL_ENABLE_DEBUG_INFO = INCLUDE_SOURCE;
				MTL_FAST_MATH = YES;
				ONLY_ACTIVE_ARCH = YES;
				SDKROOT = iphoneos;
				SWIFT_ACTIVE_COMPILATION_CONDITIONS = "DEBUG $(inherited)";
				SWIFT_OPTIMIZATION_LEVEL = "-Onone";
			};
			name = Debug;
		};
		409583002DEFC2EC0057A642 /* Release */ = {
			isa = XCBuildConfiguration;
			buildSettings = {
				ALWAYS_SEARCH_USER_PATHS = NO;
				ASSETCATALOG_COMPILER_GENERATE_SWIFT_ASSET_SYMBOL_EXTENSIONS = YES;
				CLANG_ANALYZER_NONNULL = YES;
				CLANG_ANALYZER_NUMBER_OBJECT_CONVERSION = YES_AGGRESSIVE;
				CLANG_CXX_LANGUAGE_STANDARD = "gnu++20";
				CLANG_ENABLE_MODULES = YES;
				CLANG_ENABLE_OBJC_ARC = YES;
				CLANG_ENABLE_OBJC_WEAK = YES;
				CLANG_WARN_BLOCK_CAPTURE_AUTORELEASING = YES;
				CLANG_WARN_BOOL_CONVERSION = YES;
				CLANG_WARN_COMMA = YES;
				CLANG_WARN_CONSTANT_CONVERSION = YES;
				CLANG_WARN_DEPRECATED_OBJC_IMPLEMENTATIONS = YES;
				CLANG_WARN_DIRECT_OBJC_ISA_USAGE = YES_ERROR;
				CLANG_WARN_DOCUMENTATION_COMMENTS = YES;
				CLANG_WARN_EMPTY_BODY = YES;
				CLANG_WARN_ENUM_CONVERSION = YES;
				CLANG_WARN_INFINITE_RECURSION = YES;
				CLANG_WARN_INT_CONVERSION = YES;
				CLANG_WARN_NON_LITERAL_NULL_CONVERSION = YES;
				CLANG_WARN_OBJC_IMPLICIT_RETAIN_SELF = YES;
				CLANG_WARN_OBJC_LITERAL_CONVERSION = YES;
				CLANG_WARN_OBJC_ROOT_CLASS = YES_ERROR;
				CLANG_WARN_QUOTED_INCLUDE_IN_FRAMEWORK_HEADER = YES;
				CLANG_WARN_RANGE_LOOP_ANALYSIS = YES;
				CLANG_WARN_STRICT_PROTOTYPES = YES;
				CLANG_WARN_SUSPICIOUS_MOVE = YES;
				CLANG_WARN_UNGUARDED_AVAILABILITY = YES_AGGRESSIVE;
				CLANG_WARN_UNREACHABLE_CODE = YES;
				CLANG_WARN__DUPLICATE_METHOD_MATCH = YES;
				COPY_PHASE_STRIP = NO;
				DEBUG_INFORMATION_FORMAT = "dwarf-with-dsym";
				DEVELOPMENT_TEAM = M9MT23QW7V;
				ENABLE_NS_ASSERTIONS = NO;
				ENABLE_STRICT_OBJC_MSGSEND = YES;
				ENABLE_USER_SCRIPT_SANDBOXING = YES;
				GCC_C_LANGUAGE_STANDARD = gnu17;
				GCC_NO_COMMON_BLOCKS = YES;
				GCC_WARN_64_TO_32_BIT_CONVERSION = YES;
				GCC_WARN_ABOUT_RETURN_TYPE = YES_ERROR;
				GCC_WARN_UNDECLARED_SELECTOR = YES;
				GCC_WARN_UNINITIALIZED_AUTOS = YES_AGGRESSIVE;
				GCC_WARN_UNUSED_FUNCTION = YES;
				GCC_WARN_UNUSED_VARIABLE = YES;
				IPHONEOS_DEPLOYMENT_TARGET = 18.5;
				LOCALIZATION_PREFERS_STRING_CATALOGS = YES;
				MTL_ENABLE_DEBUG_INFO = NO;
				MTL_FAST_MATH = YES;
				SDKROOT = iphoneos;
				SWIFT_COMPILATION_MODE = wholemodule;
				VALIDATE_PRODUCT = YES;
			};
			name = Release;
		};
		409583022DEFC2EC0057A642 /* Debug */ = {
			isa = XCBuildConfiguration;
			buildSettings = {
				BUNDLE_LOADER = "$(TEST_HOST)";
				CODE_SIGN_STYLE = Automatic;
				CURRENT_PROJECT_VERSION = 1;
				DEVELOPMENT_TEAM = M9MT23QW7V;
				GENERATE_INFOPLIST_FILE = YES;
				IPHONEOS_DEPLOYMENT_TARGET = 18.5;
				MARKETING_VERSION = 1.0;
				PRODUCT_BUNDLE_IDENTIFIER = "noahpope.Project32-SwiftSearcherTests";
				PRODUCT_NAME = "$(TARGET_NAME)";
				SWIFT_EMIT_LOC_STRINGS = NO;
				SWIFT_VERSION = 5.0;
				TARGETED_DEVICE_FAMILY = "1,2";
				TEST_HOST = "$(BUILT_PRODUCTS_DIR)/Project32-SwiftSearcher.app/$(BUNDLE_EXECUTABLE_FOLDER_PATH)/Project32-SwiftSearcher";
			};
			name = Debug;
		};
		409583032DEFC2EC0057A642 /* Release */ = {
			isa = XCBuildConfiguration;
			buildSettings = {
				BUNDLE_LOADER = "$(TEST_HOST)";
				CODE_SIGN_STYLE = Automatic;
				CURRENT_PROJECT_VERSION = 1;
				DEVELOPMENT_TEAM = M9MT23QW7V;
				GENERATE_INFOPLIST_FILE = YES;
				IPHONEOS_DEPLOYMENT_TARGET = 18.5;
				MARKETING_VERSION = 1.0;
				PRODUCT_BUNDLE_IDENTIFIER = "noahpope.Project32-SwiftSearcherTests";
				PRODUCT_NAME = "$(TARGET_NAME)";
				SWIFT_EMIT_LOC_STRINGS = NO;
				SWIFT_VERSION = 5.0;
				TARGETED_DEVICE_FAMILY = "1,2";
				TEST_HOST = "$(BUILT_PRODUCTS_DIR)/Project32-SwiftSearcher.app/$(BUNDLE_EXECUTABLE_FOLDER_PATH)/Project32-SwiftSearcher";
			};
			name = Release;
		};
		409583052DEFC2EC0057A642 /* Debug */ = {
			isa = XCBuildConfiguration;
			buildSettings = {
				CODE_SIGN_STYLE = Automatic;
				CURRENT_PROJECT_VERSION = 1;
				DEVELOPMENT_TEAM = M9MT23QW7V;
				GENERATE_INFOPLIST_FILE = YES;
				MARKETING_VERSION = 1.0;
				PRODUCT_BUNDLE_IDENTIFIER = "noahpope.Project32-SwiftSearcherUITests";
				PRODUCT_NAME = "$(TARGET_NAME)";
				SWIFT_EMIT_LOC_STRINGS = NO;
				SWIFT_VERSION = 5.0;
				TARGETED_DEVICE_FAMILY = "1,2";
				TEST_TARGET_NAME = "Project32-SwiftSearcher";
			};
			name = Debug;
		};
		409583062DEFC2EC0057A642 /* Release */ = {
			isa = XCBuildConfiguration;
			buildSettings = {
				CODE_SIGN_STYLE = Automatic;
				CURRENT_PROJECT_VERSION = 1;
				DEVELOPMENT_TEAM = M9MT23QW7V;
				GENERATE_INFOPLIST_FILE = YES;
				MARKETING_VERSION = 1.0;
				PRODUCT_BUNDLE_IDENTIFIER = "noahpope.Project32-SwiftSearcherUITests";
				PRODUCT_NAME = "$(TARGET_NAME)";
				SWIFT_EMIT_LOC_STRINGS = NO;
				SWIFT_VERSION = 5.0;
				TARGETED_DEVICE_FAMILY = "1,2";
				TEST_TARGET_NAME = "Project32-SwiftSearcher";
			};
			name = Release;
		};
/* End XCBuildConfiguration section */

/* Begin XCConfigurationList section */
		409582CB2DEFC2E20057A642 /* Build configuration list for PBXProject "Project32-SwiftSearcher" */ = {
			isa = XCConfigurationList;
			buildConfigurations = (
				409582FF2DEFC2EC0057A642 /* Debug */,
				409583002DEFC2EC0057A642 /* Release */,
			);
			defaultConfigurationIsVisible = 0;
			defaultConfigurationName = Release;
		};
		409582FC2DEFC2EC0057A642 /* Build configuration list for PBXNativeTarget "Project32-SwiftSearcher" */ = {
			isa = XCConfigurationList;
			buildConfigurations = (
				409582FD2DEFC2EC0057A642 /* Debug */,
				409582FE2DEFC2EC0057A642 /* Release */,
			);
			defaultConfigurationIsVisible = 0;
			defaultConfigurationName = Release;
		};
		409583012DEFC2EC0057A642 /* Build configuration list for PBXNativeTarget "Project32-SwiftSearcherTests" */ = {
			isa = XCConfigurationList;
			buildConfigurations = (
				409583022DEFC2EC0057A642 /* Debug */,
				409583032DEFC2EC0057A642 /* Release */,
			);
			defaultConfigurationIsVisible = 0;
			defaultConfigurationName = Release;
		};
		409583042DEFC2EC0057A642 /* Build configuration list for PBXNativeTarget "Project32-SwiftSearcherUITests" */ = {
			isa = XCConfigurationList;
			buildConfigurations = (
				409583052DEFC2EC0057A642 /* Debug */,
				409583062DEFC2EC0057A642 /* Release */,
			);
			defaultConfigurationIsVisible = 0;
			defaultConfigurationName = Release;
		};
/* End XCConfigurationList section */

/* Begin XCVersionGroup section */
		4095830E2DEFC3C70057A642 /* Project32_SwiftSearcher.xcdatamodeld */ = {
			isa = XCVersionGroup;
			children = (
				409583122DEFC3C70057A642 /* Project32_SwiftSearcher.xcdatamodel */,
			);
			currentVersion = 409583122DEFC3C70057A642 /* Project32_SwiftSearcher.xcdatamodel */;
			path = Project32_SwiftSearcher.xcdatamodeld;
			sourceTree = "<group>";
			versionGroupType = wrapper.xcdatamodel;
		};
/* End XCVersionGroup section */
	};
	rootObject = 409582C82DEFC2E20057A642 /* Project object */;
}
